
Microsoft Visual Studio Solution File, Format Version 12.00
# Visual Studio 15
VisualStudioVersion = 15.0.28307.102
MinimumVisualStudioVersion = 10.0.40219.1
Project("{FAE04EC0-301F-11D3-BF4B-00C04F79EFBC}") = "TestKode", "TestKode\TestKode.csproj", "{56E98C11-33D2-422C-8D12-75B2E643DF1B}"
EndProject
Project("{FAE04EC0-301F-11D3-BF4B-00C04F79EFBC}") = "debugdemo", "debugdemo\debugdemo.csproj", "{01C7B349-DB68-498A-AECC-37D7BA84A7B8}"
EndProject
Project("{9A19103F-16F7-4668-BE54-9A1E7A4F7556}") = "Brugvar", "Brugvar\Brugvar.csproj", "{6549A972-9CDB-493B-B95D-3B75A058156D}"
EndProject
Project("{9A19103F-16F7-4668-BE54-9A1E7A4F7556}") = "BrugDate", "BrugDate\BrugDate.csproj", "{28AC393A-8CD2-484A-8FC4-3AC2C9A9E250}"
EndProject
Project("{9A19103F-16F7-4668-BE54-9A1E7A4F7556}") = "BrugText", "BrugText\BrugText.csproj", "{8597DCF2-51F2-41E3-A35C-860FCC91D31C}"
EndProject
Project("{2150E333-8FDC-42A3-9474-1A3956D46DE8}") = "Solution Items", "Solution Items", "{55CBFE9A-EE12-40B4-931F-F7EB7DBB168A}"
	ProjectSection(SolutionItems) = preProject
		.editorconfig = .editorconfig
	EndProjectSection
EndProject
Project("{9A19103F-16F7-4668-BE54-9A1E7A4F7556}") = "BrugStruct", "BrugStruct\BrugStruct.csproj", "{DAA99BBC-C264-4371-9E3F-20F88273EEA8}"
EndProject
Project("{FAE04EC0-301F-11D3-BF4B-00C04F79EFBC}") = "Fejlhånd", "ConsoleApp1\Fejlhånd.csproj", "{6F33CEBA-3E2E-4633-BB6F-BDDA7B7C2478}"
EndProject
Project("{9A19103F-16F7-4668-BE54-9A1E7A4F7556}") = "MetOverload", "MetOverload\MetOverload.csproj", "{51F5E3F6-B025-40BB-B6F3-64D9E93E85C9}"
EndProject
Project("{9A19103F-16F7-4668-BE54-9A1E7A4F7556}") = "MetSimp", "MetSimp\MetSimp.csproj", "{6536E878-C802-4779-B45D-B55C19440CEF}"
EndProject
Project("{9A19103F-16F7-4668-BE54-9A1E7A4F7556}") = "MetStatisk", "MetStatisk\MetStatisk.csproj", "{863B6A45-5C97-4F33-BD0C-4548C620E7F5}"
EndProject
Project("{9A19103F-16F7-4668-BE54-9A1E7A4F7556}") = "FlowForIf", "FlowForIf\FlowForIf.csproj", "{0336D32A-DCEF-405F-9414-CABC7A2CEB41}"
EndProject
Project("{FAE04EC0-301F-11D3-BF4B-00C04F79EFBC}") = "PrøvIgen", "PrøvIgen\PrøvIgen.csproj", "{69D91393-2EA9-4CB3-BD7C-108D3B899D38}"
EndProject
Project("{FAE04EC0-301F-11D3-BF4B-00C04F79EFBC}") = "Hukom", "Hukom\Hukom.csproj", "{8A032C9B-5A5D-447D-B940-1AED62EE2FB4}"
EndProject
Project("{FAE04EC0-301F-11D3-BF4B-00C04F79EFBC}") = "KlasserSimpel", "KlasserSimpel\KlasserSimpel.csproj", "{C10C2E6D-3B6F-4162-BC94-3E9241B968BB}"
EndProject
Project("{FAE04EC0-301F-11D3-BF4B-00C04F79EFBC}") = "EgenskabVare", "EgenskabVare\EgenskabVare.csproj", "{E4478FC9-185F-462D-ACE0-D023ADAE3129}"
EndProject
Project("{FAE04EC0-301F-11D3-BF4B-00C04F79EFBC}") = "AutoEgenskab", "AutoEgenskab\AutoEgenskab.csproj", "{36A03271-1AEC-429A-A4E6-9E1ACD85284A}"
EndProject
Project("{FAE04EC0-301F-11D3-BF4B-00C04F79EFBC}") = "SamlingSimpel", "SamlingSimpel\SamlingSimpel.csproj", "{28B2D38C-977F-42CA-9322-DB8D442A447F}"
EndProject
Project("{FAE04EC0-301F-11D3-BF4B-00C04F79EFBC}") = "SamlingerStack", "SamlingerStack\SamlingerStack.csproj", "{7CB96790-5DF0-4DBA-9A86-ED228CBC0524}"
EndProject
Project("{9A19103F-16F7-4668-BE54-9A1E7A4F7556}") = "ArvTerning", "ArvTerning\ArvTerning.csproj", "{87EA1E69-7457-4D15-B0C6-53D3ECB7C0F1}"
EndProject
Project("{FAE04EC0-301F-11D3-BF4B-00C04F79EFBC}") = "ArvPolymorfi", "ArvPolymorfi\ArvPolymorfi.csproj", "{02794580-D6B6-40DC-AF16-952F97FD8E1C}"
EndProject
Project("{FAE04EC0-301F-11D3-BF4B-00C04F79EFBC}") = "ArvPolyDyr", "ArvPolyDyr\ArvPolyDyr.csproj", "{070FD43B-E023-4685-AD46-CAE2F4BFD377}"
EndProject
Project("{FAE04EC0-301F-11D3-BF4B-00C04F79EFBC}") = "InterfaceEget", "InterfaceEget\InterfaceEget.csproj", "{DC8AD2F5-FB6A-425A-A4F6-9DF99E3C2E5A}"
EndProject
Project("{FAE04EC0-301F-11D3-BF4B-00C04F79EFBC}") = "InterfaceCompare", "InterfaceCompare\InterfaceCompare.csproj", "{88FC12ED-B3E0-4440-95A9-B054AB31644C}"
EndProject
Project("{FAE04EC0-301F-11D3-BF4B-00C04F79EFBC}") = "DelegateHeltSimpel", "DelegateHeltSimpel\DelegateHeltSimpel.csproj", "{B77B962D-2027-4F37-B2E0-5D3C837A7557}"
EndProject
Project("{FAE04EC0-301F-11D3-BF4B-00C04F79EFBC}") = "DelegateLambda", "DelegateLambda\DelegateLambda.csproj", "{58A3F3A1-7D46-472D-A02D-C8672A3C2E63}"
EndProject
Project("{FAE04EC0-301F-11D3-BF4B-00C04F79EFBC}") = "EventFilewatcher", "EventFilewatcher\EventFilewatcher.csproj", "{BE285BD8-A4A2-45F7-BDB4-D977027B8BD3}"
EndProject
Project("{FAE04EC0-301F-11D3-BF4B-00C04F79EFBC}") = "LINQ", "LINQ\LINQ.csproj", "{3BD85FF1-45E1-4724-B6CF-F5B3B65FAB6B}"
EndProject
Global
	GlobalSection(SolutionConfigurationPlatforms) = preSolution
		Debug|Any CPU = Debug|Any CPU
		Release|Any CPU = Release|Any CPU
	EndGlobalSection
	GlobalSection(ProjectConfigurationPlatforms) = postSolution
		{56E98C11-33D2-422C-8D12-75B2E643DF1B}.Debug|Any CPU.ActiveCfg = Debug|Any CPU
		{56E98C11-33D2-422C-8D12-75B2E643DF1B}.Debug|Any CPU.Build.0 = Debug|Any CPU
		{56E98C11-33D2-422C-8D12-75B2E643DF1B}.Release|Any CPU.ActiveCfg = Release|Any CPU
		{56E98C11-33D2-422C-8D12-75B2E643DF1B}.Release|Any CPU.Build.0 = Release|Any CPU
		{01C7B349-DB68-498A-AECC-37D7BA84A7B8}.Debug|Any CPU.ActiveCfg = Debug|Any CPU
		{01C7B349-DB68-498A-AECC-37D7BA84A7B8}.Debug|Any CPU.Build.0 = Debug|Any CPU
		{01C7B349-DB68-498A-AECC-37D7BA84A7B8}.Release|Any CPU.ActiveCfg = Release|Any CPU
		{01C7B349-DB68-498A-AECC-37D7BA84A7B8}.Release|Any CPU.Build.0 = Release|Any CPU
		{6549A972-9CDB-493B-B95D-3B75A058156D}.Debug|Any CPU.ActiveCfg = Debug|Any CPU
		{6549A972-9CDB-493B-B95D-3B75A058156D}.Debug|Any CPU.Build.0 = Debug|Any CPU
		{6549A972-9CDB-493B-B95D-3B75A058156D}.Release|Any CPU.ActiveCfg = Release|Any CPU
		{6549A972-9CDB-493B-B95D-3B75A058156D}.Release|Any CPU.Build.0 = Release|Any CPU
		{28AC393A-8CD2-484A-8FC4-3AC2C9A9E250}.Debug|Any CPU.ActiveCfg = Debug|Any CPU
		{28AC393A-8CD2-484A-8FC4-3AC2C9A9E250}.Debug|Any CPU.Build.0 = Debug|Any CPU
		{28AC393A-8CD2-484A-8FC4-3AC2C9A9E250}.Release|Any CPU.ActiveCfg = Release|Any CPU
		{28AC393A-8CD2-484A-8FC4-3AC2C9A9E250}.Release|Any CPU.Build.0 = Release|Any CPU
		{8597DCF2-51F2-41E3-A35C-860FCC91D31C}.Debug|Any CPU.ActiveCfg = Debug|Any CPU
		{8597DCF2-51F2-41E3-A35C-860FCC91D31C}.Debug|Any CPU.Build.0 = Debug|Any CPU
		{8597DCF2-51F2-41E3-A35C-860FCC91D31C}.Release|Any CPU.ActiveCfg = Release|Any CPU
		{8597DCF2-51F2-41E3-A35C-860FCC91D31C}.Release|Any CPU.Build.0 = Release|Any CPU
		{DAA99BBC-C264-4371-9E3F-20F88273EEA8}.Debug|Any CPU.ActiveCfg = Debug|Any CPU
		{DAA99BBC-C264-4371-9E3F-20F88273EEA8}.Debug|Any CPU.Build.0 = Debug|Any CPU
		{DAA99BBC-C264-4371-9E3F-20F88273EEA8}.Release|Any CPU.ActiveCfg = Release|Any CPU
		{DAA99BBC-C264-4371-9E3F-20F88273EEA8}.Release|Any CPU.Build.0 = Release|Any CPU
		{6F33CEBA-3E2E-4633-BB6F-BDDA7B7C2478}.Debug|Any CPU.ActiveCfg = Debug|Any CPU
		{6F33CEBA-3E2E-4633-BB6F-BDDA7B7C2478}.Debug|Any CPU.Build.0 = Debug|Any CPU
		{6F33CEBA-3E2E-4633-BB6F-BDDA7B7C2478}.Release|Any CPU.ActiveCfg = Release|Any CPU
		{6F33CEBA-3E2E-4633-BB6F-BDDA7B7C2478}.Release|Any CPU.Build.0 = Release|Any CPU
		{51F5E3F6-B025-40BB-B6F3-64D9E93E85C9}.Debug|Any CPU.ActiveCfg = Debug|Any CPU
		{51F5E3F6-B025-40BB-B6F3-64D9E93E85C9}.Debug|Any CPU.Build.0 = Debug|Any CPU
		{51F5E3F6-B025-40BB-B6F3-64D9E93E85C9}.Release|Any CPU.ActiveCfg = Release|Any CPU
		{51F5E3F6-B025-40BB-B6F3-64D9E93E85C9}.Release|Any CPU.Build.0 = Release|Any CPU
		{6536E878-C802-4779-B45D-B55C19440CEF}.Debug|Any CPU.ActiveCfg = Debug|Any CPU
		{6536E878-C802-4779-B45D-B55C19440CEF}.Debug|Any CPU.Build.0 = Debug|Any CPU
		{6536E878-C802-4779-B45D-B55C19440CEF}.Release|Any CPU.ActiveCfg = Release|Any CPU
		{6536E878-C802-4779-B45D-B55C19440CEF}.Release|Any CPU.Build.0 = Release|Any CPU
		{863B6A45-5C97-4F33-BD0C-4548C620E7F5}.Debug|Any CPU.ActiveCfg = Debug|Any CPU
		{863B6A45-5C97-4F33-BD0C-4548C620E7F5}.Debug|Any CPU.Build.0 = Debug|Any CPU
		{863B6A45-5C97-4F33-BD0C-4548C620E7F5}.Release|Any CPU.ActiveCfg = Release|Any CPU
		{863B6A45-5C97-4F33-BD0C-4548C620E7F5}.Release|Any CPU.Build.0 = Release|Any CPU
		{0336D32A-DCEF-405F-9414-CABC7A2CEB41}.Debug|Any CPU.ActiveCfg = Debug|Any CPU
		{0336D32A-DCEF-405F-9414-CABC7A2CEB41}.Debug|Any CPU.Build.0 = Debug|Any CPU
		{0336D32A-DCEF-405F-9414-CABC7A2CEB41}.Release|Any CPU.ActiveCfg = Release|Any CPU
		{0336D32A-DCEF-405F-9414-CABC7A2CEB41}.Release|Any CPU.Build.0 = Release|Any CPU
		{69D91393-2EA9-4CB3-BD7C-108D3B899D38}.Debug|Any CPU.ActiveCfg = Debug|Any CPU
		{69D91393-2EA9-4CB3-BD7C-108D3B899D38}.Debug|Any CPU.Build.0 = Debug|Any CPU
		{69D91393-2EA9-4CB3-BD7C-108D3B899D38}.Release|Any CPU.ActiveCfg = Release|Any CPU
		{69D91393-2EA9-4CB3-BD7C-108D3B899D38}.Release|Any CPU.Build.0 = Release|Any CPU
		{8A032C9B-5A5D-447D-B940-1AED62EE2FB4}.Debug|Any CPU.ActiveCfg = Debug|Any CPU
		{8A032C9B-5A5D-447D-B940-1AED62EE2FB4}.Debug|Any CPU.Build.0 = Debug|Any CPU
		{8A032C9B-5A5D-447D-B940-1AED62EE2FB4}.Release|Any CPU.ActiveCfg = Release|Any CPU
		{8A032C9B-5A5D-447D-B940-1AED62EE2FB4}.Release|Any CPU.Build.0 = Release|Any CPU
		{C10C2E6D-3B6F-4162-BC94-3E9241B968BB}.Debug|Any CPU.ActiveCfg = Debug|Any CPU
		{C10C2E6D-3B6F-4162-BC94-3E9241B968BB}.Debug|Any CPU.Build.0 = Debug|Any CPU
		{C10C2E6D-3B6F-4162-BC94-3E9241B968BB}.Release|Any CPU.ActiveCfg = Release|Any CPU
		{C10C2E6D-3B6F-4162-BC94-3E9241B968BB}.Release|Any CPU.Build.0 = Release|Any CPU
		{E4478FC9-185F-462D-ACE0-D023ADAE3129}.Debug|Any CPU.ActiveCfg = Debug|Any CPU
		{E4478FC9-185F-462D-ACE0-D023ADAE3129}.Debug|Any CPU.Build.0 = Debug|Any CPU
		{E4478FC9-185F-462D-ACE0-D023ADAE3129}.Release|Any CPU.ActiveCfg = Release|Any CPU
		{E4478FC9-185F-462D-ACE0-D023ADAE3129}.Release|Any CPU.Build.0 = Release|Any CPU
		{36A03271-1AEC-429A-A4E6-9E1ACD85284A}.Debug|Any CPU.ActiveCfg = Debug|Any CPU
		{36A03271-1AEC-429A-A4E6-9E1ACD85284A}.Debug|Any CPU.Build.0 = Debug|Any CPU
		{36A03271-1AEC-429A-A4E6-9E1ACD85284A}.Release|Any CPU.ActiveCfg = Release|Any CPU
		{36A03271-1AEC-429A-A4E6-9E1ACD85284A}.Release|Any CPU.Build.0 = Release|Any CPU
		{28B2D38C-977F-42CA-9322-DB8D442A447F}.Debug|Any CPU.ActiveCfg = Debug|Any CPU
		{28B2D38C-977F-42CA-9322-DB8D442A447F}.Debug|Any CPU.Build.0 = Debug|Any CPU
		{28B2D38C-977F-42CA-9322-DB8D442A447F}.Release|Any CPU.ActiveCfg = Release|Any CPU
		{28B2D38C-977F-42CA-9322-DB8D442A447F}.Release|Any CPU.Build.0 = Release|Any CPU
		{7CB96790-5DF0-4DBA-9A86-ED228CBC0524}.Debug|Any CPU.ActiveCfg = Debug|Any CPU
		{7CB96790-5DF0-4DBA-9A86-ED228CBC0524}.Debug|Any CPU.Build.0 = Debug|Any CPU
		{7CB96790-5DF0-4DBA-9A86-ED228CBC0524}.Release|Any CPU.ActiveCfg = Release|Any CPU
		{7CB96790-5DF0-4DBA-9A86-ED228CBC0524}.Release|Any CPU.Build.0 = Release|Any CPU
		{87EA1E69-7457-4D15-B0C6-53D3ECB7C0F1}.Debug|Any CPU.ActiveCfg = Debug|Any CPU
		{87EA1E69-7457-4D15-B0C6-53D3ECB7C0F1}.Debug|Any CPU.Build.0 = Debug|Any CPU
		{87EA1E69-7457-4D15-B0C6-53D3ECB7C0F1}.Release|Any CPU.ActiveCfg = Release|Any CPU
		{87EA1E69-7457-4D15-B0C6-53D3ECB7C0F1}.Release|Any CPU.Build.0 = Release|Any CPU
		{02794580-D6B6-40DC-AF16-952F97FD8E1C}.Debug|Any CPU.ActiveCfg = Debug|Any CPU
		{02794580-D6B6-40DC-AF16-952F97FD8E1C}.Debug|Any CPU.Build.0 = Debug|Any CPU
		{02794580-D6B6-40DC-AF16-952F97FD8E1C}.Release|Any CPU.ActiveCfg = Release|Any CPU
		{02794580-D6B6-40DC-AF16-952F97FD8E1C}.Release|Any CPU.Build.0 = Release|Any CPU
		{070FD43B-E023-4685-AD46-CAE2F4BFD377}.Debug|Any CPU.ActiveCfg = Debug|Any CPU
		{070FD43B-E023-4685-AD46-CAE2F4BFD377}.Debug|Any CPU.Build.0 = Debug|Any CPU
		{070FD43B-E023-4685-AD46-CAE2F4BFD377}.Release|Any CPU.ActiveCfg = Release|Any CPU
		{070FD43B-E023-4685-AD46-CAE2F4BFD377}.Release|Any CPU.Build.0 = Release|Any CPU
		{DC8AD2F5-FB6A-425A-A4F6-9DF99E3C2E5A}.Debug|Any CPU.ActiveCfg = Debug|Any CPU
		{DC8AD2F5-FB6A-425A-A4F6-9DF99E3C2E5A}.Debug|Any CPU.Build.0 = Debug|Any CPU
		{DC8AD2F5-FB6A-425A-A4F6-9DF99E3C2E5A}.Release|Any CPU.ActiveCfg = Release|Any CPU
		{DC8AD2F5-FB6A-425A-A4F6-9DF99E3C2E5A}.Release|Any CPU.Build.0 = Release|Any CPU
		{88FC12ED-B3E0-4440-95A9-B054AB31644C}.Debug|Any CPU.ActiveCfg = Debug|Any CPU
		{88FC12ED-B3E0-4440-95A9-B054AB31644C}.Debug|Any CPU.Build.0 = Debug|Any CPU
		{88FC12ED-B3E0-4440-95A9-B054AB31644C}.Release|Any CPU.ActiveCfg = Release|Any CPU
		{88FC12ED-B3E0-4440-95A9-B054AB31644C}.Release|Any CPU.Build.0 = Release|Any CPU
		{B77B962D-2027-4F37-B2E0-5D3C837A7557}.Debug|Any CPU.ActiveCfg = Debug|Any CPU
		{B77B962D-2027-4F37-B2E0-5D3C837A7557}.Debug|Any CPU.Build.0 = Debug|Any CPU
		{B77B962D-2027-4F37-B2E0-5D3C837A7557}.Release|Any CPU.ActiveCfg = Release|Any CPU
		{B77B962D-2027-4F37-B2E0-5D3C837A7557}.Release|Any CPU.Build.0 = Release|Any CPU
		{58A3F3A1-7D46-472D-A02D-C8672A3C2E63}.Debug|Any CPU.ActiveCfg = Debug|Any CPU
		{58A3F3A1-7D46-472D-A02D-C8672A3C2E63}.Debug|Any CPU.Build.0 = Debug|Any CPU
		{58A3F3A1-7D46-472D-A02D-C8672A3C2E63}.Release|Any CPU.ActiveCfg = Release|Any CPU
		{58A3F3A1-7D46-472D-A02D-C8672A3C2E63}.Release|Any CPU.Build.0 = Release|Any CPU
		{BE285BD8-A4A2-45F7-BDB4-D977027B8BD3}.Debug|Any CPU.ActiveCfg = Debug|Any CPU
		{BE285BD8-A4A2-45F7-BDB4-D977027B8BD3}.Debug|Any CPU.Build.0 = Debug|Any CPU
		{BE285BD8-A4A2-45F7-BDB4-D977027B8BD3}.Release|Any CPU.ActiveCfg = Release|Any CPU
		{BE285BD8-A4A2-45F7-BDB4-D977027B8BD3}.Release|Any CPU.Build.0 = Release|Any CPU
		{3BD85FF1-45E1-4724-B6CF-F5B3B65FAB6B}.Debug|Any CPU.ActiveCfg = Debug|Any CPU
		{3BD85FF1-45E1-4724-B6CF-F5B3B65FAB6B}.Debug|Any CPU.Build.0 = Debug|Any CPU
		{3BD85FF1-45E1-4724-B6CF-F5B3B65FAB6B}.Release|Any CPU.ActiveCfg = Release|Any CPU
		{3BD85FF1-45E1-4724-B6CF-F5B3B65FAB6B}.Release|Any CPU.Build.0 = Release|Any CPU
	EndGlobalSection
	GlobalSection(SolutionProperties) = preSolution
		HideSolutionNode = FALSE
	EndGlobalSection
	GlobalSection(NestedProjects) = preSolution
		{8A032C9B-5A5D-447D-B940-1AED62EE2FB4} = {55CBFE9A-EE12-40B4-931F-F7EB7DBB168A}
	EndGlobalSection
	GlobalSection(ExtensibilityGlobals) = postSolution
		SolutionGuid = {7158F562-8146-4D69-AE50-3CDC8425C12F}
	EndGlobalSection
EndGlobal
